
Microsoft Visual Studio Solution File, Format Version 12.00
# Visual Studio Version 17
VisualStudioVersion = 17.0.32126.317
MinimumVisualStudioVersion = 10.0.40219.1
Project("{2150E333-8FDC-42A3-9474-1A3956D46DE8}") = "src", "src", "{8B9060CF-01EA-4C98-A50E-1890C774D54B}"
EndProject
Project("{FAE04EC0-301F-11D3-BF4B-00C04F79EFBC}") = "NhnToastSms.FunctionApp", "src\NhnToastSms.FunctionApp\NhnToastSms.FunctionApp.csproj", "{7EFE813F-4654-4C27-B1A3-03557F8A65D5}"
EndProject
Global
	GlobalSection(SolutionConfigurationPlatforms) = preSolution
		Debug|Any CPU = Debug|Any CPU
		Release|Any CPU = Release|Any CPU
	EndGlobalSection
	GlobalSection(ProjectConfigurationPlatforms) = postSolution
		{7EFE813F-4654-4C27-B1A3-03557F8A65D5}.Debug|Any CPU.ActiveCfg = Debug|Any CPU
		{7EFE813F-4654-4C27-B1A3-03557F8A65D5}.Debug|Any CPU.Build.0 = Debug|Any CPU
		{7EFE813F-4654-4C27-B1A3-03557F8A65D5}.Release|Any CPU.ActiveCfg = Release|Any CPU
		{7EFE813F-4654-4C27-B1A3-03557F8A65D5}.Release|Any CPU.Build.0 = Release|Any CPU
	EndGlobalSection
	GlobalSection(SolutionProperties) = preSolution
		HideSolutionNode = FALSE
	EndGlobalSection
	GlobalSection(NestedProjects) = preSolution
		{7EFE813F-4654-4C27-B1A3-03557F8A65D5} = {8B9060CF-01EA-4C98-A50E-1890C774D54B}
	EndGlobalSection
	GlobalSection(ExtensibilityGlobals) = postSolution
		SolutionGuid = {427CB8BB-6EAB-4875-9567-D4B2DE082024}
	EndGlobalSection
EndGlobal
